
Microsoft Visual Studio Solution File, Format Version 12.00
# Visual Studio 15
VisualStudioVersion = 15.0.28010.2019
MinimumVisualStudioVersion = 10.0.40219.1
Project("{FAE04EC0-301F-11D3-BF4B-00C04F79EFBC}") = "Laba1-2", "Laba1-2\Laba1-2.csproj", "{DB833746-BC05-4364-A679-17C1E748F1D8}"
EndProject
Project("{FAE04EC0-301F-11D3-BF4B-00C04F79EFBC}") = "UnitTest", "UnitTest\UnitTest.csproj", "{13E30C57-F1A9-4AA5-9499-497D7AADDF90}"
	ProjectSection(ProjectDependencies) = postProject
		{DB833746-BC05-4364-A679-17C1E748F1D8} = {DB833746-BC05-4364-A679-17C1E748F1D8}
	EndProjectSection
EndProject
Global
	GlobalSection(SolutionConfigurationPlatforms) = preSolution
		Debug|Any CPU = Debug|Any CPU
		Release|Any CPU = Release|Any CPU
	EndGlobalSection
	GlobalSection(ProjectConfigurationPlatforms) = postSolution
		{DB833746-BC05-4364-A679-17C1E748F1D8}.Debug|Any CPU.ActiveCfg = Debug|Any CPU
		{DB833746-BC05-4364-A679-17C1E748F1D8}.Debug|Any CPU.Build.0 = Debug|Any CPU
		{DB833746-BC05-4364-A679-17C1E748F1D8}.Release|Any CPU.ActiveCfg = Release|Any CPU
		{DB833746-BC05-4364-A679-17C1E748F1D8}.Release|Any CPU.Build.0 = Release|Any CPU
		{13E30C57-F1A9-4AA5-9499-497D7AADDF90}.Debug|Any CPU.ActiveCfg = Debug|Any CPU
		{13E30C57-F1A9-4AA5-9499-497D7AADDF90}.Debug|Any CPU.Build.0 = Debug|Any CPU
		{13E30C57-F1A9-4AA5-9499-497D7AADDF90}.Release|Any CPU.ActiveCfg = Release|Any CPU
		{13E30C57-F1A9-4AA5-9499-497D7AADDF90}.Release|Any CPU.Build.0 = Release|Any CPU
	EndGlobalSection
	GlobalSection(SolutionProperties) = preSolution
		HideSolutionNode = FALSE
	EndGlobalSection
	GlobalSection(ExtensibilityGlobals) = postSolution
		SolutionGuid = {1B95F82C-7F15-4811-8752-9B387D12367A}
	EndGlobalSection
EndGlobal
